
Microsoft Visual Studio Solution File, Format Version 12.00
# Visual Studio Version 17
VisualStudioVersion = 17.9.34723.18
MinimumVisualStudioVersion = 10.0.40219.1
Project("{FAE04EC0-301F-11D3-BF4B-00C04F79EFBC}") = "MovieAPIDemo", "MovieAPIDemo.csproj", "{8A7615BA-4AEB-4B5C-B12D-B3169C40FB3D}"
EndProject
Global
	GlobalSection(SolutionConfigurationPlatforms) = preSolution
		Debug|Any CPU = Debug|Any CPU
		Release|Any CPU = Release|Any CPU
	EndGlobalSection
	GlobalSection(ProjectConfigurationPlatforms) = postSolution
		{8A7615BA-4AEB-4B5C-B12D-B3169C40FB3D}.Debug|Any CPU.ActiveCfg = Debug|Any CPU
		{8A7615BA-4AEB-4B5C-B12D-B3169C40FB3D}.Debug|Any CPU.Build.0 = Debug|Any CPU
		{8A7615BA-4AEB-4B5C-B12D-B3169C40FB3D}.Release|Any CPU.ActiveCfg = Release|Any CPU
		{8A7615BA-4AEB-4B5C-B12D-B3169C40FB3D}.Release|Any CPU.Build.0 = Release|Any CPU
	EndGlobalSection
	GlobalSection(SolutionProperties) = preSolution
		HideSolutionNode = FALSE
	EndGlobalSection
	GlobalSection(ExtensibilityGlobals) = postSolution
		SolutionGuid = {1B355815-7631-4373-844B-C0F7CB209012}
	EndGlobalSection
EndGlobal
